
Microsoft Visual Studio Solution File, Format Version 12.00
# Visual Studio 15
VisualStudioVersion = 15.0.26730.16
MinimumVisualStudioVersion = 10.0.40219.1
Project("{FAE04EC0-301F-11D3-BF4B-00C04F79EFBC}") = "ControleDeProblemas", "ControleDeProblemas\ControleDeProblemas.csproj", "{219319F2-A617-4D8A-A061-6B9B9A214A61}"
EndProject
Project("{FAE04EC0-301F-11D3-BF4B-00C04F79EFBC}") = "Entidade", "Entidade\Entidade.csproj", "{72C2DD92-D42D-4A27-A171-AF2F682CEC76}"
EndProject
Global
	GlobalSection(SolutionConfigurationPlatforms) = preSolution
		Debug|Any CPU = Debug|Any CPU
		Release|Any CPU = Release|Any CPU
	EndGlobalSection
	GlobalSection(ProjectConfigurationPlatforms) = postSolution
		{219319F2-A617-4D8A-A061-6B9B9A214A61}.Debug|Any CPU.ActiveCfg = Debug|Any CPU
		{219319F2-A617-4D8A-A061-6B9B9A214A61}.Debug|Any CPU.Build.0 = Debug|Any CPU
		{219319F2-A617-4D8A-A061-6B9B9A214A61}.Release|Any CPU.ActiveCfg = Release|Any CPU
		{219319F2-A617-4D8A-A061-6B9B9A214A61}.Release|Any CPU.Build.0 = Release|Any CPU
		{72C2DD92-D42D-4A27-A171-AF2F682CEC76}.Debug|Any CPU.ActiveCfg = Debug|Any CPU
		{72C2DD92-D42D-4A27-A171-AF2F682CEC76}.Debug|Any CPU.Build.0 = Debug|Any CPU
		{72C2DD92-D42D-4A27-A171-AF2F682CEC76}.Release|Any CPU.ActiveCfg = Release|Any CPU
		{72C2DD92-D42D-4A27-A171-AF2F682CEC76}.Release|Any CPU.Build.0 = Release|Any CPU
	EndGlobalSection
	GlobalSection(SolutionProperties) = preSolution
		HideSolutionNode = FALSE
	EndGlobalSection
	GlobalSection(ExtensibilityGlobals) = postSolution
		SolutionGuid = {FDA0EA7B-062D-4975-933F-61E151083E8B}
	EndGlobalSection
EndGlobal
